
Microsoft Visual Studio Solution File, Format Version 12.00
# Visual Studio Version 17
VisualStudioVersion = 17.14.36603.0
MinimumVisualStudioVersion = 10.0.40219.1
Project("{FAE04EC0-301F-11D3-BF4B-00C04F79EFBC}") = "Capa de Presentación", "Capa de Presentación\Capa de Presentación.csproj", "{D76D8993-6EB9-48C2-9B64-6B371B60B07C}"
	ProjectSection(ProjectDependencies) = postProject
		{726B9336-11A8-4B06-AD4F-3376E43C0783} = {726B9336-11A8-4B06-AD4F-3376E43C0783}
	EndProjectSection
EndProject
Project("{FAE04EC0-301F-11D3-BF4B-00C04F79EFBC}") = "Capa de procesamiento de datos", "Capa de procesamiento de datos\Capa de procesamiento de datos.csproj", "{182A002F-A02E-4324-8143-B31B6A0268C0}"
EndProject
Project("{FAE04EC0-301F-11D3-BF4B-00C04F79EFBC}") = "Capa de acceso de datos", "Capa de acceso de datos\Capa de acceso de datos.csproj", "{726B9336-11A8-4B06-AD4F-3376E43C0783}"
EndProject
Project("{FAE04EC0-301F-11D3-BF4B-00C04F79EFBC}") = "BASEDEDATOS.API", "BASEDEDATOS.API\BASEDEDATOS.API.csproj", "{CD2366AC-5CB2-4189-8C07-3B7FD7A85349}"
EndProject
Project("{2150E333-8FDC-42A3-9474-1A3956D46DE8}") = "Elementos de la solución", "Elementos de la solución", "{D107F4C8-89CC-BEA8-D3D7-CA6B7733353D}"
EndProject
Global
	GlobalSection(SolutionConfigurationPlatforms) = preSolution
		Debug|Any CPU = Debug|Any CPU
		Debug|x64 = Debug|x64
		Release|Any CPU = Release|Any CPU
		Release|x64 = Release|x64
	EndGlobalSection
	GlobalSection(ProjectConfigurationPlatforms) = postSolution
		{D76D8993-6EB9-48C2-9B64-6B371B60B07C}.Debug|Any CPU.ActiveCfg = Debug|Any CPU
		{D76D8993-6EB9-48C2-9B64-6B371B60B07C}.Debug|Any CPU.Build.0 = Debug|Any CPU
		{D76D8993-6EB9-48C2-9B64-6B371B60B07C}.Debug|x64.ActiveCfg = Debug|x64
		{D76D8993-6EB9-48C2-9B64-6B371B60B07C}.Debug|x64.Build.0 = Debug|x64
		{D76D8993-6EB9-48C2-9B64-6B371B60B07C}.Release|Any CPU.ActiveCfg = Release|Any CPU
		{D76D8993-6EB9-48C2-9B64-6B371B60B07C}.Release|Any CPU.Build.0 = Release|Any CPU
		{D76D8993-6EB9-48C2-9B64-6B371B60B07C}.Release|x64.ActiveCfg = Release|x64
		{D76D8993-6EB9-48C2-9B64-6B371B60B07C}.Release|x64.Build.0 = Release|x64
		{182A002F-A02E-4324-8143-B31B6A0268C0}.Debug|Any CPU.ActiveCfg = Debug|Any CPU
		{182A002F-A02E-4324-8143-B31B6A0268C0}.Debug|Any CPU.Build.0 = Debug|Any CPU
		{182A002F-A02E-4324-8143-B31B6A0268C0}.Debug|x64.ActiveCfg = Debug|x64
		{182A002F-A02E-4324-8143-B31B6A0268C0}.Debug|x64.Build.0 = Debug|x64
		{182A002F-A02E-4324-8143-B31B6A0268C0}.Release|Any CPU.ActiveCfg = Release|Any CPU
		{182A002F-A02E-4324-8143-B31B6A0268C0}.Release|Any CPU.Build.0 = Release|Any CPU
		{182A002F-A02E-4324-8143-B31B6A0268C0}.Release|x64.ActiveCfg = Release|x64
		{182A002F-A02E-4324-8143-B31B6A0268C0}.Release|x64.Build.0 = Release|x64
		{726B9336-11A8-4B06-AD4F-3376E43C0783}.Debug|Any CPU.ActiveCfg = Debug|Any CPU
		{726B9336-11A8-4B06-AD4F-3376E43C0783}.Debug|Any CPU.Build.0 = Debug|Any CPU
		{726B9336-11A8-4B06-AD4F-3376E43C0783}.Debug|x64.ActiveCfg = Debug|x64
		{726B9336-11A8-4B06-AD4F-3376E43C0783}.Debug|x64.Build.0 = Debug|x64
		{726B9336-11A8-4B06-AD4F-3376E43C0783}.Release|Any CPU.ActiveCfg = Release|Any CPU
		{726B9336-11A8-4B06-AD4F-3376E43C0783}.Release|Any CPU.Build.0 = Release|Any CPU
		{726B9336-11A8-4B06-AD4F-3376E43C0783}.Release|x64.ActiveCfg = Release|x64
		{726B9336-11A8-4B06-AD4F-3376E43C0783}.Release|x64.Build.0 = Release|x64
		{CD2366AC-5CB2-4189-8C07-3B7FD7A85349}.Debug|Any CPU.ActiveCfg = Debug|Any CPU
		{CD2366AC-5CB2-4189-8C07-3B7FD7A85349}.Debug|Any CPU.Build.0 = Debug|Any CPU
		{CD2366AC-5CB2-4189-8C07-3B7FD7A85349}.Debug|x64.ActiveCfg = Debug|Any CPU
		{CD2366AC-5CB2-4189-8C07-3B7FD7A85349}.Debug|x64.Build.0 = Debug|Any CPU
		{CD2366AC-5CB2-4189-8C07-3B7FD7A85349}.Release|Any CPU.ActiveCfg = Release|Any CPU
		{CD2366AC-5CB2-4189-8C07-3B7FD7A85349}.Release|Any CPU.Build.0 = Release|Any CPU
		{CD2366AC-5CB2-4189-8C07-3B7FD7A85349}.Release|x64.ActiveCfg = Release|Any CPU
		{CD2366AC-5CB2-4189-8C07-3B7FD7A85349}.Release|x64.Build.0 = Release|Any CPU
	EndGlobalSection
	GlobalSection(SolutionProperties) = preSolution
		HideSolutionNode = FALSE
	EndGlobalSection
	GlobalSection(ExtensibilityGlobals) = postSolution
		SolutionGuid = {93117D3B-09C1-4506-90A1-8271ADCEBFF8}
	EndGlobalSection
EndGlobal
